
Microsoft Visual Studio Solution File, Format Version 12.00
# Visual Studio 15
Project("{FAE04EC0-301F-11D3-BF4B-00C04F79EFBC}") = "UnityEngine.UI", "UnityEngine.UI.csproj", "{D8316880-4C9E-2DBE-1DC1-8523081531B6}"
EndProject
Project("{FAE04EC0-301F-11D3-BF4B-00C04F79EFBC}") = "UnityEngine.TestRunner", "UnityEngine.TestRunner.csproj", "{D4754EF9-D302-C411-DB5C-E85F4D794E33}"
EndProject
Project("{FAE04EC0-301F-11D3-BF4B-00C04F79EFBC}") = "Unity.VisualScripting.Flow", "Unity.VisualScripting.Flow.csproj", "{32844ED2-085E-AED4-460A-63FA29159BBB}"
EndProject
Project("{FAE04EC0-301F-11D3-BF4B-00C04F79EFBC}") = "Unity.VisualScripting.State", "Unity.VisualScripting.State.csproj", "{E6E44490-6D13-0EC5-D61D-4D402EF30C88}"
EndProject
Project("{FAE04EC0-301F-11D3-BF4B-00C04F79EFBC}") = "Unity.VisualScripting.Core", "Unity.VisualScripting.Core.csproj", "{B124E449-0545-1069-0368-093DF56DA0B8}"
EndProject
Project("{FAE04EC0-301F-11D3-BF4B-00C04F79EFBC}") = "Assembly-CSharp", "Assembly-CSharp.csproj", "{3DB0C543-BB88-DDB0-8725-9B9BFCF6EF11}"
EndProject
Project("{FAE04EC0-301F-11D3-BF4B-00C04F79EFBC}") = "Unity.TextMeshPro", "Unity.TextMeshPro.csproj", "{DEECB37E-C456-120D-F4BE-04E889B8C9FE}"
EndProject
Project("{FAE04EC0-301F-11D3-BF4B-00C04F79EFBC}") = "Unity.Timeline", "Unity.Timeline.csproj", "{A19EA554-4310-90FB-E035-45DA278B6E48}"
EndProject
Project("{FAE04EC0-301F-11D3-BF4B-00C04F79EFBC}") = "Unity.PlasticSCM.Editor", "Unity.PlasticSCM.Editor.csproj", "{22769C9D-A1DC-3DCA-68A5-66AFA80A536B}"
EndProject
Project("{FAE04EC0-301F-11D3-BF4B-00C04F79EFBC}") = "Unity.VisualScripting.Core.Editor", "Unity.VisualScripting.Core.Editor.csproj", "{F159B93D-0C3C-C20F-5EFB-404C6E5F8760}"
EndProject
Project("{FAE04EC0-301F-11D3-BF4B-00C04F79EFBC}") = "Unity.VisualScripting.Flow.Editor", "Unity.VisualScripting.Flow.Editor.csproj", "{D914E627-999D-A899-809A-32C0136A3B0E}"
EndProject
Project("{FAE04EC0-301F-11D3-BF4B-00C04F79EFBC}") = "Unity.VisualStudio.Editor", "Unity.VisualStudio.Editor.csproj", "{73B9EC06-BB55-9BF6-DAFC-EAE8E9B01F6C}"
EndProject
Project("{FAE04EC0-301F-11D3-BF4B-00C04F79EFBC}") = "Unity.Timeline.Editor", "Unity.Timeline.Editor.csproj", "{FDB60DF7-5D96-2DBD-F5EF-387C17A1E815}"
EndProject
Project("{FAE04EC0-301F-11D3-BF4B-00C04F79EFBC}") = "Unity.VisualScripting.State.Editor", "Unity.VisualScripting.State.Editor.csproj", "{21FB8971-6B88-A498-D8AC-CC798ABD6BBA}"
EndProject
Project("{FAE04EC0-301F-11D3-BF4B-00C04F79EFBC}") = "Unity.TextMeshPro.Editor", "Unity.TextMeshPro.Editor.csproj", "{3FD37448-CFC2-6BE8-700D-FD781D89356E}"
EndProject
Project("{FAE04EC0-301F-11D3-BF4B-00C04F79EFBC}") = "Unity.VisualScripting.SettingsProvider.Editor", "Unity.VisualScripting.SettingsProvider.Editor.csproj", "{4F586F2F-AFDE-2445-F4A1-AD31648E6058}"
EndProject
Project("{FAE04EC0-301F-11D3-BF4B-00C04F79EFBC}") = "Unity.CollabProxy.Editor", "Unity.CollabProxy.Editor.csproj", "{1B88F637-532D-C746-AF02-D5A5F52B76B5}"
EndProject
Project("{FAE04EC0-301F-11D3-BF4B-00C04F79EFBC}") = "UnityEditor.TestRunner", "UnityEditor.TestRunner.csproj", "{9423AB12-8538-8F78-79DF-D72BEF33AD02}"
EndProject
Project("{FAE04EC0-301F-11D3-BF4B-00C04F79EFBC}") = "Unity.TestTools.CodeCoverage.Editor", "Unity.TestTools.CodeCoverage.Editor.csproj", "{D5576A3C-F3DE-316D-E355-5F89E08F1C19}"
EndProject
Project("{FAE04EC0-301F-11D3-BF4B-00C04F79EFBC}") = "Unity.Rider.Editor", "Unity.Rider.Editor.csproj", "{CDD05890-5059-FAF1-81F2-9CCAD2B90CA5}"
EndProject
Project("{FAE04EC0-301F-11D3-BF4B-00C04F79EFBC}") = "Unity.Services.Core.Editor", "Unity.Services.Core.Editor.csproj", "{DA441EDA-02BE-587D-8600-7F1FE6A90986}"
EndProject
Project("{FAE04EC0-301F-11D3-BF4B-00C04F79EFBC}") = "Unity.Performance.Profile-Analyzer.Editor", "Unity.Performance.Profile-Analyzer.Editor.csproj", "{83F8815F-21C2-3DA5-454A-B4D7DC5526E9}"
EndProject
Project("{FAE04EC0-301F-11D3-BF4B-00C04F79EFBC}") = "Unity.VSCode.Editor", "Unity.VSCode.Editor.csproj", "{B703169A-6C34-A068-EBDC-3286E4FB236F}"
EndProject
Project("{FAE04EC0-301F-11D3-BF4B-00C04F79EFBC}") = "UnityEditor.UI", "UnityEditor.UI.csproj", "{2F47ABD2-701E-1A13-CC41-0BDE7CA4334E}"
EndProject
Project("{FAE04EC0-301F-11D3-BF4B-00C04F79EFBC}") = "Unity.TestTools.CodeCoverage.Editor.OpenCover.Model", "Unity.TestTools.CodeCoverage.Editor.OpenCover.Model.csproj", "{275103EA-FD2C-AB07-E78F-A304E48EEEAA}"
EndProject
Project("{FAE04EC0-301F-11D3-BF4B-00C04F79EFBC}") = "Unity.EditorCoroutines.Editor", "Unity.EditorCoroutines.Editor.csproj", "{BDFD5CEB-4672-18DB-1E0C-B797B7155429}"
EndProject
Project("{FAE04EC0-301F-11D3-BF4B-00C04F79EFBC}") = "Unity.Settings.Editor", "Unity.Settings.Editor.csproj", "{61E5BD06-E6D9-61BF-EFA4-ED921597F059}"
EndProject
Project("{FAE04EC0-301F-11D3-BF4B-00C04F79EFBC}") = "Unity.TestTools.CodeCoverage.Editor.OpenCover.Mono.Reflection", "Unity.TestTools.CodeCoverage.Editor.OpenCover.Mono.Reflection.csproj", "{BAA99A19-CDC2-6107-1154-614E6389010A}"
EndProject
Project("{FAE04EC0-301F-11D3-BF4B-00C04F79EFBC}") = "Unity.VisualScripting.Shared.Editor", "Unity.VisualScripting.Shared.Editor.csproj", "{9C36B5C8-7FD4-A996-828B-1B32D0497163}"
EndProject
Project("{FAE04EC0-301F-11D3-BF4B-00C04F79EFBC}") = "UnityEngine.UI", "UnityEngine.UI.Player.csproj", "{72AF4BA3-00C4-7C64-A14A-3C55DB510167}"
EndProject
Project("{FAE04EC0-301F-11D3-BF4B-00C04F79EFBC}") = "UnityEngine.TestRunner", "UnityEngine.TestRunner.Player.csproj", "{8B50F677-FF39-6950-B655-0B825F63F77A}"
EndProject
Project("{FAE04EC0-301F-11D3-BF4B-00C04F79EFBC}") = "Unity.VisualScripting.Flow", "Unity.VisualScripting.Flow.Player.csproj", "{C4A5527D-B16F-C465-9407-EFF5541C71EC}"
EndProject
Project("{FAE04EC0-301F-11D3-BF4B-00C04F79EFBC}") = "Unity.VisualScripting.State", "Unity.VisualScripting.State.Player.csproj", "{2BF7098E-0360-8DA5-7268-468505B2BFA2}"
EndProject
Project("{FAE04EC0-301F-11D3-BF4B-00C04F79EFBC}") = "Unity.VisualScripting.Core", "Unity.VisualScripting.Core.Player.csproj", "{61058DA7-0773-93E8-5247-D38411A2FA36}"
EndProject
Project("{FAE04EC0-301F-11D3-BF4B-00C04F79EFBC}") = "Assembly-CSharp", "Assembly-CSharp.Player.csproj", "{B9E9561A-BA98-3D27-72EC-CBDD122BD871}"
EndProject
Project("{FAE04EC0-301F-11D3-BF4B-00C04F79EFBC}") = "Unity.TextMeshPro", "Unity.TextMeshPro.Player.csproj", "{990B1C4D-91F9-339C-7674-8822BFCD8F68}"
EndProject
Project("{FAE04EC0-301F-11D3-BF4B-00C04F79EFBC}") = "Unity.Timeline", "Unity.Timeline.Player.csproj", "{134F8A7F-43CD-C6AB-E1CA-BB68F7A43FF0}"
EndProject
Global
	GlobalSection(SolutionConfigurationPlatforms) = preSolution
		Debug|Any CPU = Debug|Any CPU
		Release|Any CPU = Release|Any CPU
	EndGlobalSection
	GlobalSection(ProjectConfigurationPlatforms) = postSolution
		{D8316880-4C9E-2DBE-1DC1-8523081531B6}.Debug|Any CPU.ActiveCfg = Debug|Any CPU
		{D8316880-4C9E-2DBE-1DC1-8523081531B6}.Debug|Any CPU.Build.0 = Debug|Any CPU
		{D8316880-4C9E-2DBE-1DC1-8523081531B6}.Release|Any CPU.ActiveCfg = Release|Any CPU
		{D8316880-4C9E-2DBE-1DC1-8523081531B6}.Release|Any CPU.Build.0 = Release|Any CPU
		{D4754EF9-D302-C411-DB5C-E85F4D794E33}.Debug|Any CPU.ActiveCfg = Debug|Any CPU
		{D4754EF9-D302-C411-DB5C-E85F4D794E33}.Debug|Any CPU.Build.0 = Debug|Any CPU
		{D4754EF9-D302-C411-DB5C-E85F4D794E33}.Release|Any CPU.ActiveCfg = Release|Any CPU
		{D4754EF9-D302-C411-DB5C-E85F4D794E33}.Release|Any CPU.Build.0 = Release|Any CPU
		{32844ED2-085E-AED4-460A-63FA29159BBB}.Debug|Any CPU.ActiveCfg = Debug|Any CPU
		{32844ED2-085E-AED4-460A-63FA29159BBB}.Debug|Any CPU.Build.0 = Debug|Any CPU
		{32844ED2-085E-AED4-460A-63FA29159BBB}.Release|Any CPU.ActiveCfg = Release|Any CPU
		{32844ED2-085E-AED4-460A-63FA29159BBB}.Release|Any CPU.Build.0 = Release|Any CPU
		{E6E44490-6D13-0EC5-D61D-4D402EF30C88}.Debug|Any CPU.ActiveCfg = Debug|Any CPU
		{E6E44490-6D13-0EC5-D61D-4D402EF30C88}.Debug|Any CPU.Build.0 = Debug|Any CPU
		{E6E44490-6D13-0EC5-D61D-4D402EF30C88}.Release|Any CPU.ActiveCfg = Release|Any CPU
		{E6E44490-6D13-0EC5-D61D-4D402EF30C88}.Release|Any CPU.Build.0 = Release|Any CPU
		{B124E449-0545-1069-0368-093DF56DA0B8}.Debug|Any CPU.ActiveCfg = Debug|Any CPU
		{B124E449-0545-1069-0368-093DF56DA0B8}.Debug|Any CPU.Build.0 = Debug|Any CPU
		{B124E449-0545-1069-0368-093DF56DA0B8}.Release|Any CPU.ActiveCfg = Release|Any CPU
		{B124E449-0545-1069-0368-093DF56DA0B8}.Release|Any CPU.Build.0 = Release|Any CPU
		{3DB0C543-BB88-DDB0-8725-9B9BFCF6EF11}.Debug|Any CPU.ActiveCfg = Debug|Any CPU
		{3DB0C543-BB88-DDB0-8725-9B9BFCF6EF11}.Debug|Any CPU.Build.0 = Debug|Any CPU
		{3DB0C543-BB88-DDB0-8725-9B9BFCF6EF11}.Release|Any CPU.ActiveCfg = Release|Any CPU
		{3DB0C543-BB88-DDB0-8725-9B9BFCF6EF11}.Release|Any CPU.Build.0 = Release|Any CPU
		{DEECB37E-C456-120D-F4BE-04E889B8C9FE}.Debug|Any CPU.ActiveCfg = Debug|Any CPU
		{DEECB37E-C456-120D-F4BE-04E889B8C9FE}.Debug|Any CPU.Build.0 = Debug|Any CPU
		{DEECB37E-C456-120D-F4BE-04E889B8C9FE}.Release|Any CPU.ActiveCfg = Release|Any CPU
		{DEECB37E-C456-120D-F4BE-04E889B8C9FE}.Release|Any CPU.Build.0 = Release|Any CPU
		{A19EA554-4310-90FB-E035-45DA278B6E48}.Debug|Any CPU.ActiveCfg = Debug|Any CPU
		{A19EA554-4310-90FB-E035-45DA278B6E48}.Debug|Any CPU.Build.0 = Debug|Any CPU
		{A19EA554-4310-90FB-E035-45DA278B6E48}.Release|Any CPU.ActiveCfg = Release|Any CPU
		{A19EA554-4310-90FB-E035-45DA278B6E48}.Release|Any CPU.Build.0 = Release|Any CPU
		{22769C9D-A1DC-3DCA-68A5-66AFA80A536B}.Debug|Any CPU.ActiveCfg = Debug|Any CPU
		{22769C9D-A1DC-3DCA-68A5-66AFA80A536B}.Debug|Any CPU.Build.0 = Debug|Any CPU
		{22769C9D-A1DC-3DCA-68A5-66AFA80A536B}.Release|Any CPU.ActiveCfg = Release|Any CPU
		{22769C9D-A1DC-3DCA-68A5-66AFA80A536B}.Release|Any CPU.Build.0 = Release|Any CPU
		{F159B93D-0C3C-C20F-5EFB-404C6E5F8760}.Debug|Any CPU.ActiveCfg = Debug|Any CPU
		{F159B93D-0C3C-C20F-5EFB-404C6E5F8760}.Debug|Any CPU.Build.0 = Debug|Any CPU
		{F159B93D-0C3C-C20F-5EFB-404C6E5F8760}.Release|Any CPU.ActiveCfg = Release|Any CPU
		{F159B93D-0C3C-C20F-5EFB-404C6E5F8760}.Release|Any CPU.Build.0 = Release|Any CPU
		{D914E627-999D-A899-809A-32C0136A3B0E}.Debug|Any CPU.ActiveCfg = Debug|Any CPU
		{D914E627-999D-A899-809A-32C0136A3B0E}.Debug|Any CPU.Build.0 = Debug|Any CPU
		{D914E627-999D-A899-809A-32C0136A3B0E}.Release|Any CPU.ActiveCfg = Release|Any CPU
		{D914E627-999D-A899-809A-32C0136A3B0E}.Release|Any CPU.Build.0 = Release|Any CPU
		{73B9EC06-BB55-9BF6-DAFC-EAE8E9B01F6C}.Debug|Any CPU.ActiveCfg = Debug|Any CPU
		{73B9EC06-BB55-9BF6-DAFC-EAE8E9B01F6C}.Debug|Any CPU.Build.0 = Debug|Any CPU
		{73B9EC06-BB55-9BF6-DAFC-EAE8E9B01F6C}.Release|Any CPU.ActiveCfg = Release|Any CPU
		{73B9EC06-BB55-9BF6-DAFC-EAE8E9B01F6C}.Release|Any CPU.Build.0 = Release|Any CPU
		{FDB60DF7-5D96-2DBD-F5EF-387C17A1E815}.Debug|Any CPU.ActiveCfg = Debug|Any CPU
		{FDB60DF7-5D96-2DBD-F5EF-387C17A1E815}.Debug|Any CPU.Build.0 = Debug|Any CPU
		{FDB60DF7-5D96-2DBD-F5EF-387C17A1E815}.Release|Any CPU.ActiveCfg = Release|Any CPU
		{FDB60DF7-5D96-2DBD-F5EF-387C17A1E815}.Release|Any CPU.Build.0 = Release|Any CPU
		{21FB8971-6B88-A498-D8AC-CC798ABD6BBA}.Debug|Any CPU.ActiveCfg = Debug|Any CPU
		{21FB8971-6B88-A498-D8AC-CC798ABD6BBA}.Debug|Any CPU.Build.0 = Debug|Any CPU
		{21FB8971-6B88-A498-D8AC-CC798ABD6BBA}.Release|Any CPU.ActiveCfg = Release|Any CPU
		{21FB8971-6B88-A498-D8AC-CC798ABD6BBA}.Release|Any CPU.Build.0 = Release|Any CPU
		{3FD37448-CFC2-6BE8-700D-FD781D89356E}.Debug|Any CPU.ActiveCfg = Debug|Any CPU
		{3FD37448-CFC2-6BE8-700D-FD781D89356E}.Debug|Any CPU.Build.0 = Debug|Any CPU
		{3FD37448-CFC2-6BE8-700D-FD781D89356E}.Release|Any CPU.ActiveCfg = Release|Any CPU
		{3FD37448-CFC2-6BE8-700D-FD781D89356E}.Release|Any CPU.Build.0 = Release|Any CPU
		{4F586F2F-AFDE-2445-F4A1-AD31648E6058}.Debug|Any CPU.ActiveCfg = Debug|Any CPU
		{4F586F2F-AFDE-2445-F4A1-AD31648E6058}.Debug|Any CPU.Build.0 = Debug|Any CPU
		{4F586F2F-AFDE-2445-F4A1-AD31648E6058}.Release|Any CPU.ActiveCfg = Release|Any CPU
		{4F586F2F-AFDE-2445-F4A1-AD31648E6058}.Release|Any CPU.Build.0 = Release|Any CPU
		{1B88F637-532D-C746-AF02-D5A5F52B76B5}.Debug|Any CPU.ActiveCfg = Debug|Any CPU
		{1B88F637-532D-C746-AF02-D5A5F52B76B5}.Debug|Any CPU.Build.0 = Debug|Any CPU
		{1B88F637-532D-C746-AF02-D5A5F52B76B5}.Release|Any CPU.ActiveCfg = Release|Any CPU
		{1B88F637-532D-C746-AF02-D5A5F52B76B5}.Release|Any CPU.Build.0 = Release|Any CPU
		{9423AB12-8538-8F78-79DF-D72BEF33AD02}.Debug|Any CPU.ActiveCfg = Debug|Any CPU
		{9423AB12-8538-8F78-79DF-D72BEF33AD02}.Debug|Any CPU.Build.0 = Debug|Any CPU
		{9423AB12-8538-8F78-79DF-D72BEF33AD02}.Release|Any CPU.ActiveCfg = Release|Any CPU
		{9423AB12-8538-8F78-79DF-D72BEF33AD02}.Release|Any CPU.Build.0 = Release|Any CPU
		{D5576A3C-F3DE-316D-E355-5F89E08F1C19}.Debug|Any CPU.ActiveCfg = Debug|Any CPU
		{D5576A3C-F3DE-316D-E355-5F89E08F1C19}.Debug|Any CPU.Build.0 = Debug|Any CPU
		{D5576A3C-F3DE-316D-E355-5F89E08F1C19}.Release|Any CPU.ActiveCfg = Release|Any CPU
		{D5576A3C-F3DE-316D-E355-5F89E08F1C19}.Release|Any CPU.Build.0 = Release|Any CPU
		{CDD05890-5059-FAF1-81F2-9CCAD2B90CA5}.Debug|Any CPU.ActiveCfg = Debug|Any CPU
		{CDD05890-5059-FAF1-81F2-9CCAD2B90CA5}.Debug|Any CPU.Build.0 = Debug|Any CPU
		{CDD05890-5059-FAF1-81F2-9CCAD2B90CA5}.Release|Any CPU.ActiveCfg = Release|Any CPU
		{CDD05890-5059-FAF1-81F2-9CCAD2B90CA5}.Release|Any CPU.Build.0 = Release|Any CPU
		{DA441EDA-02BE-587D-8600-7F1FE6A90986}.Debug|Any CPU.ActiveCfg = Debug|Any CPU
		{DA441EDA-02BE-587D-8600-7F1FE6A90986}.Debug|Any CPU.Build.0 = Debug|Any CPU
		{DA441EDA-02BE-587D-8600-7F1FE6A90986}.Release|Any CPU.ActiveCfg = Release|Any CPU
		{DA441EDA-02BE-587D-8600-7F1FE6A90986}.Release|Any CPU.Build.0 = Release|Any CPU
		{83F8815F-21C2-3DA5-454A-B4D7DC5526E9}.Debug|Any CPU.ActiveCfg = Debug|Any CPU
		{83F8815F-21C2-3DA5-454A-B4D7DC5526E9}.Debug|Any CPU.Build.0 = Debug|Any CPU
		{83F8815F-21C2-3DA5-454A-B4D7DC5526E9}.Release|Any CPU.ActiveCfg = Release|Any CPU
		{83F8815F-21C2-3DA5-454A-B4D7DC5526E9}.Release|Any CPU.Build.0 = Release|Any CPU
		{B703169A-6C34-A068-EBDC-3286E4FB236F}.Debug|Any CPU.ActiveCfg = Debug|Any CPU
		{B703169A-6C34-A068-EBDC-3286E4FB236F}.Debug|Any CPU.Build.0 = Debug|Any CPU
		{B703169A-6C34-A068-EBDC-3286E4FB236F}.Release|Any CPU.ActiveCfg = Release|Any CPU
		{B703169A-6C34-A068-EBDC-3286E4FB236F}.Release|Any CPU.Build.0 = Release|Any CPU
		{2F47ABD2-701E-1A13-CC41-0BDE7CA4334E}.Debug|Any CPU.ActiveCfg = Debug|Any CPU
		{2F47ABD2-701E-1A13-CC41-0BDE7CA4334E}.Debug|Any CPU.Build.0 = Debug|Any CPU
		{2F47ABD2-701E-1A13-CC41-0BDE7CA4334E}.Release|Any CPU.ActiveCfg = Release|Any CPU
		{2F47ABD2-701E-1A13-CC41-0BDE7CA4334E}.Release|Any CPU.Build.0 = Release|Any CPU
		{275103EA-FD2C-AB07-E78F-A304E48EEEAA}.Debug|Any CPU.ActiveCfg = Debug|Any CPU
		{275103EA-FD2C-AB07-E78F-A304E48EEEAA}.Debug|Any CPU.Build.0 = Debug|Any CPU
		{275103EA-FD2C-AB07-E78F-A304E48EEEAA}.Release|Any CPU.ActiveCfg = Release|Any CPU
		{275103EA-FD2C-AB07-E78F-A304E48EEEAA}.Release|Any CPU.Build.0 = Release|Any CPU
		{BDFD5CEB-4672-18DB-1E0C-B797B7155429}.Debug|Any CPU.ActiveCfg = Debug|Any CPU
		{BDFD5CEB-4672-18DB-1E0C-B797B7155429}.Debug|Any CPU.Build.0 = Debug|Any CPU
		{BDFD5CEB-4672-18DB-1E0C-B797B7155429}.Release|Any CPU.ActiveCfg = Release|Any CPU
		{BDFD5CEB-4672-18DB-1E0C-B797B7155429}.Release|Any CPU.Build.0 = Release|Any CPU
		{61E5BD06-E6D9-61BF-EFA4-ED921597F059}.Debug|Any CPU.ActiveCfg = Debug|Any CPU
		{61E5BD06-E6D9-61BF-EFA4-ED921597F059}.Debug|Any CPU.Build.0 = Debug|Any CPU
		{61E5BD06-E6D9-61BF-EFA4-ED921597F059}.Release|Any CPU.ActiveCfg = Release|Any CPU
		{61E5BD06-E6D9-61BF-EFA4-ED921597F059}.Release|Any CPU.Build.0 = Release|Any CPU
		{BAA99A19-CDC2-6107-1154-614E6389010A}.Debug|Any CPU.ActiveCfg = Debug|Any CPU
		{BAA99A19-CDC2-6107-1154-614E6389010A}.Debug|Any CPU.Build.0 = Debug|Any CPU
		{BAA99A19-CDC2-6107-1154-614E6389010A}.Release|Any CPU.ActiveCfg = Release|Any CPU
		{BAA99A19-CDC2-6107-1154-614E6389010A}.Release|Any CPU.Build.0 = Release|Any CPU
		{9C36B5C8-7FD4-A996-828B-1B32D0497163}.Debug|Any CPU.ActiveCfg = Debug|Any CPU
		{9C36B5C8-7FD4-A996-828B-1B32D0497163}.Debug|Any CPU.Build.0 = Debug|Any CPU
		{9C36B5C8-7FD4-A996-828B-1B32D0497163}.Release|Any CPU.ActiveCfg = Release|Any CPU
		{9C36B5C8-7FD4-A996-828B-1B32D0497163}.Release|Any CPU.Build.0 = Release|Any CPU
		{72AF4BA3-00C4-7C64-A14A-3C55DB510167}.Debug|Any CPU.ActiveCfg = Debug|Any CPU
		{72AF4BA3-00C4-7C64-A14A-3C55DB510167}.Debug|Any CPU.Build.0 = Debug|Any CPU
		{72AF4BA3-00C4-7C64-A14A-3C55DB510167}.Release|Any CPU.ActiveCfg = Release|Any CPU
		{72AF4BA3-00C4-7C64-A14A-3C55DB510167}.Release|Any CPU.Build.0 = Release|Any CPU
		{8B50F677-FF39-6950-B655-0B825F63F77A}.Debug|Any CPU.ActiveCfg = Debug|Any CPU
		{8B50F677-FF39-6950-B655-0B825F63F77A}.Debug|Any CPU.Build.0 = Debug|Any CPU
		{8B50F677-FF39-6950-B655-0B825F63F77A}.Release|Any CPU.ActiveCfg = Release|Any CPU
		{8B50F677-FF39-6950-B655-0B825F63F77A}.Release|Any CPU.Build.0 = Release|Any CPU
		{C4A5527D-B16F-C465-9407-EFF5541C71EC}.Debug|Any CPU.ActiveCfg = Debug|Any CPU
		{C4A5527D-B16F-C465-9407-EFF5541C71EC}.Debug|Any CPU.Build.0 = Debug|Any CPU
		{C4A5527D-B16F-C465-9407-EFF5541C71EC}.Release|Any CPU.ActiveCfg = Release|Any CPU
		{C4A5527D-B16F-C465-9407-EFF5541C71EC}.Release|Any CPU.Build.0 = Release|Any CPU
		{2BF7098E-0360-8DA5-7268-468505B2BFA2}.Debug|Any CPU.ActiveCfg = Debug|Any CPU
		{2BF7098E-0360-8DA5-7268-468505B2BFA2}.Debug|Any CPU.Build.0 = Debug|Any CPU
		{2BF7098E-0360-8DA5-7268-468505B2BFA2}.Release|Any CPU.ActiveCfg = Release|Any CPU
		{2BF7098E-0360-8DA5-7268-468505B2BFA2}.Release|Any CPU.Build.0 = Release|Any CPU
		{61058DA7-0773-93E8-5247-D38411A2FA36}.Debug|Any CPU.ActiveCfg = Debug|Any CPU
		{61058DA7-0773-93E8-5247-D38411A2FA36}.Debug|Any CPU.Build.0 = Debug|Any CPU
		{61058DA7-0773-93E8-5247-D38411A2FA36}.Release|Any CPU.ActiveCfg = Release|Any CPU
		{61058DA7-0773-93E8-5247-D38411A2FA36}.Release|Any CPU.Build.0 = Release|Any CPU
		{B9E9561A-BA98-3D27-72EC-CBDD122BD871}.Debug|Any CPU.ActiveCfg = Debug|Any CPU
		{B9E9561A-BA98-3D27-72EC-CBDD122BD871}.Debug|Any CPU.Build.0 = Debug|Any CPU
		{B9E9561A-BA98-3D27-72EC-CBDD122BD871}.Release|Any CPU.ActiveCfg = Release|Any CPU
		{B9E9561A-BA98-3D27-72EC-CBDD122BD871}.Release|Any CPU.Build.0 = Release|Any CPU
		{990B1C4D-91F9-339C-7674-8822BFCD8F68}.Debug|Any CPU.ActiveCfg = Debug|Any CPU
		{990B1C4D-91F9-339C-7674-8822BFCD8F68}.Debug|Any CPU.Build.0 = Debug|Any CPU
		{990B1C4D-91F9-339C-7674-8822BFCD8F68}.Release|Any CPU.ActiveCfg = Release|Any CPU
		{990B1C4D-91F9-339C-7674-8822BFCD8F68}.Release|Any CPU.Build.0 = Release|Any CPU
		{134F8A7F-43CD-C6AB-E1CA-BB68F7A43FF0}.Debug|Any CPU.ActiveCfg = Debug|Any CPU
		{134F8A7F-43CD-C6AB-E1CA-BB68F7A43FF0}.Debug|Any CPU.Build.0 = Debug|Any CPU
		{134F8A7F-43CD-C6AB-E1CA-BB68F7A43FF0}.Release|Any CPU.ActiveCfg = Release|Any CPU
		{134F8A7F-43CD-C6AB-E1CA-BB68F7A43FF0}.Release|Any CPU.Build.0 = Release|Any CPU
	EndGlobalSection
	GlobalSection(SolutionProperties) = preSolution
		HideSolutionNode = FALSE
	EndGlobalSection
EndGlobal
